
Microsoft Visual Studio Solution File, Format Version 12.00
# Visual Studio Version 17
VisualStudioVersion = 17.7.34003.232
MinimumVisualStudioVersion = 10.0.40219.1
Project("{FAE04EC0-301F-11D3-BF4B-00C04F79EFBC}") = "DocFX", "DocFX\DocFX.csproj", "{BA5A482F-958D-4DBF-9838-0F65663BC44E}"
EndProject
Global
	GlobalSection(SolutionConfigurationPlatforms) = preSolution
		Debug|Any CPU = Debug|Any CPU
		Release|Any CPU = Release|Any CPU
	EndGlobalSection
	GlobalSection(ProjectConfigurationPlatforms) = postSolution
		{BA5A482F-958D-4DBF-9838-0F65663BC44E}.Debug|Any CPU.ActiveCfg = Debug|Any CPU
		{BA5A482F-958D-4DBF-9838-0F65663BC44E}.Debug|Any CPU.Build.0 = Debug|Any CPU
		{BA5A482F-958D-4DBF-9838-0F65663BC44E}.Release|Any CPU.ActiveCfg = Release|Any CPU
		{BA5A482F-958D-4DBF-9838-0F65663BC44E}.Release|Any CPU.Build.0 = Release|Any CPU
	EndGlobalSection
	GlobalSection(SolutionProperties) = preSolution
		HideSolutionNode = FALSE
	EndGlobalSection
	GlobalSection(ExtensibilityGlobals) = postSolution
		SolutionGuid = {14346969-B6B9-4F39-A277-FCEAABA3D186}
	EndGlobalSection
EndGlobal
